
Microsoft Visual Studio Solution File, Format Version 12.00
# Visual Studio Version 16
VisualStudioVersion = 16.0.31005.135
MinimumVisualStudioVersion = 10.0.40219.1
Project("{888888A0-9F3D-457C-B088-3A5042F75D52}") = "GraphAnalysis", "GraphAnalysis.pyproj", "{473AD1C8-2B7C-405F-9DFA-1A78173B9B39}"
EndProject
Global
	GlobalSection(SolutionConfigurationPlatforms) = preSolution
		Debug|Any CPU = Debug|Any CPU
		Release|Any CPU = Release|Any CPU
	EndGlobalSection
	GlobalSection(ProjectConfigurationPlatforms) = postSolution
		{473AD1C8-2B7C-405F-9DFA-1A78173B9B39}.Debug|Any CPU.ActiveCfg = Debug|Any CPU
		{473AD1C8-2B7C-405F-9DFA-1A78173B9B39}.Release|Any CPU.ActiveCfg = Release|Any CPU
	EndGlobalSection
	GlobalSection(SolutionProperties) = preSolution
		HideSolutionNode = FALSE
	EndGlobalSection
	GlobalSection(ExtensibilityGlobals) = postSolution
		SolutionGuid = {26F87017-ADA1-4A18-880F-1C8CD477A1B2}
	EndGlobalSection
EndGlobal
